hash: 58a3bdd1c74dbd5e73e7e1eac26e9796bcedceea9d2cc19a7a56088b518f1428
updated: 2017-09-10T20:49:47.677394355-07:00
imports:
- name: github.com/alecthomas/template
  version: a0175ee3bccc567396460bf5acd36800cb10c49c
  subpackages:
  - parse
- name: github.com/alecthomas/units
  version: 2efee857e7cfd4f3d0138cc3cbb1b4966962b93a
- name: github.com/blampe/go-coinbase-exchange
  version: 8261a442ca0404667a0ca47757c9f591e18b2710
- name: github.com/preichenberger/go-coinbase-exchange
  version: a283500f7727cf578eaa8874c417ad84805baec4
- name: go.uber.org/atomic
  version: 4e336646b2ef9fc6e47be8e21594178f98e5ebcf
- name: go.uber.org/multierr
  version: 3c4937480c32f4c13a875a1829af76c98ca3d40a
- name: go.uber.org/zap
  version: 3216c4c73e8ebbafff73c456dd27143f4a7c1f94
  subpackages:
  - buffer
  - internal/bufferpool
  - internal/color
  - internal/exit
  - zapcore
- name: gopkg.in/alecthomas/kingpin.v2
  version: 1087e65c9441605df944fb12c33f0fe7072d18ca
testImports: []
